// !$*UTF8*$!
{
	archiveVersion = 1;
	classes = {
	};
	objectVersion = 55;
	objects = {

/* Begin PBXBuildFile section */
		77AC5543289F14A300EB8DC4 /* FlowStacks in Frameworks */ = {isa = PBXBuildFile; productRef = 77AC5542289F14A300EB8DC4 /* FlowStacks */; };
		77AC5545289F1C6500EB8DC4 /* TabCoordinator.swift in Sources */ = {isa = PBXBuildFile; fileRef = 77AC5544289F1C6500EB8DC4 /* TabCoordinator.swift */; };
		77AC5547289F1C9900EB8DC4 /* MainCoordinator+ViewModel.swift in Sources */ = {isa = PBXBuildFile; fileRef = 77AC5546289F1C9900EB8DC4 /* MainCoordinator+ViewModel.swift */; };
		77AC554D289FE98D00EB8DC4 /* StartDetailsScreen.swift in Sources */ = {isa = PBXBuildFile; fileRef = 77AC554C289FE98D00EB8DC4 /* StartDetailsScreen.swift */; };
		77AC554F289FECA700EB8DC4 /* TabCoordinator+ViewModel.swift in Sources */ = {isa = PBXBuildFile; fileRef = 77AC554E289FECA700EB8DC4 /* TabCoordinator+ViewModel.swift */; };
		77E913DD288F98360078C72D /* CoordinatorNavigationTestApp.swift in Sources */ = {isa = PBXBuildFile; fileRef = 77E913DC288F98360078C72D /* CoordinatorNavigationTestApp.swift */; };
		77E913DF288F98360078C72D /* SettingsScreen.swift in Sources */ = {isa = PBXBuildFile; fileRef = 77E913DE288F98360078C72D /* SettingsScreen.swift */; };
		77E913E1288F98380078C72D /* Assets.xcassets in Resources */ = {isa = PBXBuildFile; fileRef = 77E913E0288F98380078C72D /* Assets.xcassets */; };
		77E913E4288F98380078C72D /* Preview Assets.xcassets in Resources */ = {isa = PBXBuildFile; fileRef = 77E913E3288F98380078C72D /* Preview Assets.xcassets */; };
		77E913EC288F98760078C72D /* MainCoordinator.swift in Sources */ = {isa = PBXBuildFile; fileRef = 77E913EB288F98760078C72D /* MainCoordinator.swift */; };
		77E913F0288F98AF0078C72D /* Coordinator.swift in Sources */ = {isa = PBXBuildFile; fileRef = 77E913EF288F98AF0078C72D /* Coordinator.swift */; };
		77E913F6288F991C0078C72D /* SettingsCoordinator.swift in Sources */ = {isa = PBXBuildFile; fileRef = 77E913F5288F991C0078C72D /* SettingsCoordinator.swift */; };
		77E913F8288F993B0078C72D /* WelcomeCoordinator.swift in Sources */ = {isa = PBXBuildFile; fileRef = 77E913F7288F993B0078C72D /* WelcomeCoordinator.swift */; };
		77E913FA288F99450078C72D /* StartCoordinator.swift in Sources */ = {isa = PBXBuildFile; fileRef = 77E913F9288F99450078C72D /* StartCoordinator.swift */; };
		77E913FC288F99B20078C72D /* WelcomeScreen.swift in Sources */ = {isa = PBXBuildFile; fileRef = 77E913FB288F99B20078C72D /* WelcomeScreen.swift */; };
		77E913FE288F99C30078C72D /* StartScreen.swift in Sources */ = {isa = PBXBuildFile; fileRef = 77E913FD288F99C30078C72D /* StartScreen.swift */; };
		77E914002890FBFB0078C72D /* StartCoordnator+ViewModel.swift in Sources */ = {isa = PBXBuildFile; fileRef = 77E913FF2890FBFB0078C72D /* StartCoordnator+ViewModel.swift */; };
		77E914022890FC210078C72D /* StartScreen+ViewModel.swift in Sources */ = {isa = PBXBuildFile; fileRef = 77E914012890FC210078C72D /* StartScreen+ViewModel.swift */; };
		77E914052890FEC40078C72D /* UniversalLinkMapper.swift in Sources */ = {isa = PBXBuildFile; fileRef = 77E914042890FEC40078C72D /* UniversalLinkMapper.swift */; };
/* End PBXBuildFile section */

/* Begin PBXFileReference section */
		77AC5544289F1C6500EB8DC4 /* TabCoordinator.swift */ = {isa = PBXFileReference; lastKnownFileType = sourcecode.swift; path = TabCoordinator.swift; sourceTree = "<group>"; };
		77AC5546289F1C9900EB8DC4 /* MainCoordinator+ViewModel.swift */ = {isa = PBXFileReference; lastKnownFileType = sourcecode.swift; path = "MainCoordinator+ViewModel.swift"; sourceTree = "<group>"; };
		77AC554C289FE98D00EB8DC4 /* StartDetailsScreen.swift */ = {isa = PBXFileReference; lastKnownFileType = sourcecode.swift; path = StartDetailsScreen.swift; sourceTree = "<group>"; };
		77AC554E289FECA700EB8DC4 /* TabCoordinator+ViewModel.swift */ = {isa = PBXFileReference; lastKnownFileType = sourcecode.swift; path = "TabCoordinator+ViewModel.swift"; sourceTree = "<group>"; };
		77E913D9288F98360078C72D /* CoordinatorNavigationTest.app */ = {isa = PBXFileReference; explicitFileType = wrapper.application; includeInIndex = 0; path = CoordinatorNavigationTest.app; sourceTree = BUILT_PRODUCTS_DIR; };
		77E913DC288F98360078C72D /* CoordinatorNavigationTestApp.swift */ = {isa = PBXFileReference; lastKnownFileType = sourcecode.swift; path = CoordinatorNavigationTestApp.swift; sourceTree = "<group>"; };
		77E913DE288F98360078C72D /* SettingsScreen.swift */ = {isa = PBXFileReference; lastKnownFileType = sourcecode.swift; path = SettingsScreen.swift; sourceTree = "<group>"; };
		77E913E0288F98380078C72D /* Assets.xcassets */ = {isa = PBXFileReference; lastKnownFileType = folder.assetcatalog; path = Assets.xcassets; sourceTree = "<group>"; };
		77E913E3288F98380078C72D /* Preview Assets.xcassets */ = {isa = PBXFileReference; lastKnownFileType = folder.assetcatalog; path = "Preview Assets.xcassets"; sourceTree = "<group>"; };
		77E913EB288F98760078C72D /* MainCoordinator.swift */ = {isa = PBXFileReference; lastKnownFileType = sourcecode.swift; path = MainCoordinator.swift; sourceTree = "<group>"; };
		77E913EF288F98AF0078C72D /* Coordinator.swift */ = {isa = PBXFileReference; lastKnownFileType = sourcecode.swift; path = Coordinator.swift; sourceTree = "<group>"; };
		77E913F5288F991C0078C72D /* SettingsCoordinator.swift */ = {isa = PBXFileReference; lastKnownFileType = sourcecode.swift; path = SettingsCoordinator.swift; sourceTree = "<group>"; };
		77E913F7288F993B0078C72D /* WelcomeCoordinator.swift */ = {isa = PBXFileReference; lastKnownFileType = sourcecode.swift; path = WelcomeCoordinator.swift; sourceTree = "<group>"; };
		77E913F9288F99450078C72D /* StartCoordinator.swift */ = {isa = PBXFileReference; lastKnownFileType = sourcecode.swift; path = StartCoordinator.swift; sourceTree = "<group>"; };
		77E913FB288F99B20078C72D /* WelcomeScreen.swift */ = {isa = PBXFileReference; lastKnownFileType = sourcecode.swift; path = WelcomeScreen.swift; sourceTree = "<group>"; };
		77E913FD288F99C30078C72D /* StartScreen.swift */ = {isa = PBXFileReference; lastKnownFileType = sourcecode.swift; path = StartScreen.swift; sourceTree = "<group>"; };
		77E913FF2890FBFB0078C72D /* StartCoordnator+ViewModel.swift */ = {isa = PBXFileReference; lastKnownFileType = sourcecode.swift; path = "StartCoordnator+ViewModel.swift"; sourceTree = "<group>"; };
		77E914012890FC210078C72D /* StartScreen+ViewModel.swift */ = {isa = PBXFileReference; lastKnownFileType = sourcecode.swift; path = "StartScreen+ViewModel.swift"; sourceTree = "<group>"; };
		77E914042890FEC40078C72D /* UniversalLinkMapper.swift */ = {isa = PBXFileReference; lastKnownFileType = sourcecode.swift; path = UniversalLinkMapper.swift; sourceTree = "<group>"; };
/* End PBXFileReference section */

/* Begin PBXFrameworksBuildPhase section */
		77E913D6288F98360078C72D /* Frameworks */ = {
			isa = PBXFrameworksBuildPhase;
			buildActionMask = 2147483647;
			files = (
				77AC5543289F14A300EB8DC4 /* FlowStacks in Frameworks */,
			);
			runOnlyForDeploymentPostprocessing = 0;
		};
/* End PBXFrameworksBuildPhase section */

/* Begin PBXGroup section */
		77AC5548289F1FDC00EB8DC4 /* DataPrivacy */ = {
			isa = PBXGroup;
			children = (
			);
			path = DataPrivacy;
			sourceTree = "<group>";
		};
		77AC5549289F1FE700EB8DC4 /* Authentication */ = {
			isa = PBXGroup;
			children = (
			);
			path = Authentication;
			sourceTree = "<group>";
		};
		77AC554A289F1FEF00EB8DC4 /* Tab */ = {
			isa = PBXGroup;
			children = (
				77AC5544289F1C6500EB8DC4 /* TabCoordinator.swift */,
				77AC554E289FECA700EB8DC4 /* TabCoordinator+ViewModel.swift */,
			);
			path = Tab;
			sourceTree = "<group>";
		};
		77AC554B289FE96B00EB8DC4 /* StartDetails */ = {
			isa = PBXGroup;
			children = (
				77AC554C289FE98D00EB8DC4 /* StartDetailsScreen.swift */,
			);
			path = StartDetails;
			sourceTree = "<group>";
		};
		77E913D0288F98360078C72D = {
			isa = PBXGroup;
			children = (
				77E913DB288F98360078C72D /* CoordinatorNavigationTest */,
				77E913DA288F98360078C72D /* Products */,
			);
			sourceTree = "<group>";
		};
		77E913DA288F98360078C72D /* Products */ = {
			isa = PBXGroup;
			children = (
				77E913D9288F98360078C72D /* CoordinatorNavigationTest.app */,
			);
			name = Products;
			sourceTree = "<group>";
		};
		77E913DB288F98360078C72D /* CoordinatorNavigationTest */ = {
			isa = PBXGroup;
			children = (
				77E913EA288F98600078C72D /* App */,
				77E913ED288F989E0078C72D /* Common */,
				77E913F1288F98C60078C72D /* Features */,
				77E913E0288F98380078C72D /* Assets.xcassets */,
				77E913E2288F98380078C72D /* Preview Content */,
			);
			path = CoordinatorNavigationTest;
			sourceTree = "<group>";
		};
		77E913E2288F98380078C72D /* Preview Content */ = {
			isa = PBXGroup;
			children = (
				77E913E3288F98380078C72D /* Preview Assets.xcassets */,
			);
			path = "Preview Content";
			sourceTree = "<group>";
		};
		77E913EA288F98600078C72D /* App */ = {
			isa = PBXGroup;
			children = (
				77E913DC288F98360078C72D /* CoordinatorNavigationTestApp.swift */,
				77E913EB288F98760078C72D /* MainCoordinator.swift */,
				77AC5546289F1C9900EB8DC4 /* MainCoordinator+ViewModel.swift */,
			);
			path = App;
			sourceTree = "<group>";
		};
		77E913ED288F989E0078C72D /* Common */ = {
			isa = PBXGroup;
			children = (
				77E914032890FEB60078C72D /* Deeplinking */,
				77E913EE288F98A40078C72D /* Coordinator */,
			);
			path = Common;
			sourceTree = "<group>";
		};
		77E913EE288F98A40078C72D /* Coordinator */ = {
			isa = PBXGroup;
			children = (
				77E913EF288F98AF0078C72D /* Coordinator.swift */,
			);
			path = Coordinator;
			sourceTree = "<group>";
		};
		77E913F1288F98C60078C72D /* Features */ = {
			isa = PBXGroup;
			children = (
				77AC554B289FE96B00EB8DC4 /* StartDetails */,
				77AC554A289F1FEF00EB8DC4 /* Tab */,
				77AC5549289F1FE700EB8DC4 /* Authentication */,
				77AC5548289F1FDC00EB8DC4 /* DataPrivacy */,
				77E913F4288F98EA0078C72D /* Settings */,
				77E913F3288F98E30078C72D /* Welcome */,
				77E913F2288F98DB0078C72D /* Start */,
			);
			path = Features;
			sourceTree = "<group>";
		};
		77E913F2288F98DB0078C72D /* Start */ = {
			isa = PBXGroup;
			children = (
				77E913F9288F99450078C72D /* StartCoordinator.swift */,
				77E913FF2890FBFB0078C72D /* StartCoordnator+ViewModel.swift */,
				77E913FD288F99C30078C72D /* StartScreen.swift */,
				77E914012890FC210078C72D /* StartScreen+ViewModel.swift */,
			);
			path = Start;
			sourceTree = "<group>";
		};
		77E913F3288F98E30078C72D /* Welcome */ = {
			isa = PBXGroup;
			children = (
				77E913F7288F993B0078C72D /* WelcomeCoordinator.swift */,
				77E913FB288F99B20078C72D /* WelcomeScreen.swift */,
			);
			path = Welcome;
			sourceTree = "<group>";
		};
		77E913F4288F98EA0078C72D /* Settings */ = {
			isa = PBXGroup;
			children = (
				77E913F5288F991C0078C72D /* SettingsCoordinator.swift */,
				77E913DE288F98360078C72D /* SettingsScreen.swift */,
			);
			path = Settings;
			sourceTree = "<group>";
		};
		77E914032890FEB60078C72D /* Deeplinking */ = {
			isa = PBXGroup;
			children = (
				77E914042890FEC40078C72D /* UniversalLinkMapper.swift */,
			);
			path = Deeplinking;
			sourceTree = "<group>";
		};
/* End PBXGroup section */

/* Begin PBXNativeTarget section */
		77E913D8288F98360078C72D /* CoordinatorNavigationTest */ = {
			isa = PBXNativeTarget;
			buildConfigurationList = 77E913E7288F98380078C72D /* Build configuration list for PBXNativeTarget "CoordinatorNavigationTest" */;
			buildPhases = (
				77E913D5288F98360078C72D /* Sources */,
				77E913D6288F98360078C72D /* Frameworks */,
				77E913D7288F98360078C72D /* Resources */,
			);
			buildRules = (
			);
			dependencies = (
			);
			name = CoordinatorNavigationTest;
			packageProductDependencies = (
				77AC5542289F14A300EB8DC4 /* FlowStacks */,
			);
			productName = CoordinatorNavigationTest;
			productReference = 77E913D9288F98360078C72D /* CoordinatorNavigationTest.app */;
			productType = "com.apple.product-type.application";
		};
/* End PBXNativeTarget section */

/* Begin PBXProject section */
		77E913D1288F98360078C72D /* Project object */ = {
			isa = PBXProject;
			attributes = {
				BuildIndependentTargetsInParallel = 1;
				LastSwiftUpdateCheck = 1340;
				LastUpgradeCheck = 1340;
				TargetAttributes = {
					77E913D8288F98360078C72D = {
						CreatedOnToolsVersion = 13.4;
					};
				};
			};
			buildConfigurationList = 77E913D4288F98360078C72D /* Build configuration list for PBXProject "CoordinatorNavigationTest" */;
			compatibilityVersion = "Xcode 13.0";
			developmentRegion = en;
			hasScannedForEncodings = 0;
			knownRegions = (
				en,
				Base,
			);
			mainGroup = 77E913D0288F98360078C72D;
			packageReferences = (
				77AC5541289F14A300EB8DC4 /* XCRemoteSwiftPackageReference "FlowStacks" */,
			);
			productRefGroup = 77E913DA288F98360078C72D /* Products */;
			projectDirPath = "";
			projectRoot = "";
			targets = (
				77E913D8288F98360078C72D /* CoordinatorNavigationTest */,
			);
		};
/* End PBXProject section */

/* Begin PBXResourcesBuildPhase section */
		77E913D7288F98360078C72D /* Resources */ = {
			isa = PBXResourcesBuildPhase;
			buildActionMask = 2147483647;
			files = (
				77E913E4288F98380078C72D /* Preview Assets.xcassets in Resources */,
				77E913E1288F98380078C72D /* Assets.xcassets in Resources */,
			);
			runOnlyForDeploymentPostprocessing = 0;
		};
/* End PBXResourcesBuildPhase section */

/* Begin PBXSourcesBuildPhase section */
		77E913D5288F98360078C72D /* Sources */ = {
			isa = PBXSourcesBuildPhase;
			buildActionMask = 2147483647;
			files = (
				77E914052890FEC40078C72D /* UniversalLinkMapper.swift in Sources */,
				77E913FC288F99B20078C72D /* WelcomeScreen.swift in Sources */,
				77E913F6288F991C0078C72D /* SettingsCoordinator.swift in Sources */,
				77AC554D289FE98D00EB8DC4 /* StartDetailsScreen.swift in Sources */,
				77AC5545289F1C6500EB8DC4 /* TabCoordinator.swift in Sources */,
				77E913F0288F98AF0078C72D /* Coordinator.swift in Sources */,
				77E914022890FC210078C72D /* StartScreen+ViewModel.swift in Sources */,
				77E913DF288F98360078C72D /* SettingsScreen.swift in Sources */,
				77E913EC288F98760078C72D /* MainCoordinator.swift in Sources */,
				77AC5547289F1C9900EB8DC4 /* MainCoordinator+ViewModel.swift in Sources */,
				77E913FE288F99C30078C72D /* StartScreen.swift in Sources */,
				77AC554F289FECA700EB8DC4 /* TabCoordinator+ViewModel.swift in Sources */,
				77E914002890FBFB0078C72D /* StartCoordnator+ViewModel.swift in Sources */,
				77E913DD288F98360078C72D /* CoordinatorNavigationTestApp.swift in Sources */,
				77E913FA288F99450078C72D /* StartCoordinator.swift in Sources */,
				77E913F8288F993B0078C72D /* WelcomeCoordinator.swift in Sources */,
			);
			runOnlyForDeploymentPostprocessing = 0;
		};
/* End PBXSourcesBuildPhase section */

/* Begin XCBuildConfiguration section */
		77E913E5288F98380078C72D /* Debug */ = {
			isa = XCBuildConfiguration;
			buildSettings = {
				ALWAYS_SEARCH_USER_PATHS = NO;
				CLANG_ANALYZER_NONNULL = YES;
				CLANG_ANALYZER_NUMBER_OBJECT_CONVERSION = YES_AGGRESSIVE;
				CLANG_CXX_LANGUAGE_STANDARD = "gnu++17";
				CLANG_ENABLE_MODULES = YES;
				CLANG_ENABLE_OBJC_ARC = YES;
				CLANG_ENABLE_OBJC_WEAK = YES;
				CLANG_WARN_BLOCK_CAPTURE_AUTORELEASING = YES;
				CLANG_WARN_BOOL_CONVERSION = YES;
				CLANG_WARN_COMMA = YES;
				CLANG_WARN_CONSTANT_CONVERSION = YES;
				CLANG_WARN_DEPRECATED_OBJC_IMPLEMENTATIONS = YES;
				CLANG_WARN_DIRECT_OBJC_ISA_USAGE = YES_ERROR;
				CLANG_WARN_DOCUMENTATION_COMMENTS = YES;
				CLANG_WARN_EMPTY_BODY = YES;
				CLANG_WARN_ENUM_CONVERSION = YES;
				CLANG_WARN_INFINITE_RECURSION = YES;
				CLANG_WARN_INT_CONVERSION = YES;
				CLANG_WARN_NON_LITERAL_NULL_CONVERSION = YES;
				CLANG_WARN_OBJC_IMPLICIT_RETAIN_SELF = YES;
				CLANG_WARN_OBJC_LITERAL_CONVERSION = YES;
				CLANG_WARN_OBJC_ROOT_CLASS = YES_ERROR;
				CLANG_WARN_QUOTED_INCLUDE_IN_FRAMEWORK_HEADER = YES;
				CLANG_WARN_RANGE_LOOP_ANALYSIS = YES;
				CLANG_WARN_STRICT_PROTOTYPES = YES;
				CLANG_WARN_SUSPICIOUS_MOVE = YES;
				CLANG_WARN_UNGUARDED_AVAILABILITY = YES_AGGRESSIVE;
				CLANG_WARN_UNREACHABLE_CODE = YES;
				CLANG_WARN__DUPLICATE_METHOD_MATCH = YES;
				COPY_PHASE_STRIP = NO;
				DEBUG_INFORMATION_FORMAT = dwarf;
				ENABLE_STRICT_OBJC_MSGSEND = YES;
				ENABLE_TESTABILITY = YES;
				GCC_C_LANGUAGE_STANDARD = gnu11;
				GCC_DYNAMIC_NO_PIC = NO;
				GCC_NO_COMMON_BLOCKS = YES;
				GCC_OPTIMIZATION_LEVEL = 0;
				GCC_PREPROCESSOR_DEFINITIONS = (
					"DEBUG=1",
					"$(inherited)",
				);
				GCC_WARN_64_TO_32_BIT_CONVERSION = YES;
				GCC_WARN_ABOUT_RETURN_TYPE = YES_ERROR;
				GCC_WARN_UNDECLARED_SELECTOR = YES;
				GCC_WARN_UNINITIALIZED_AUTOS = YES_AGGRESSIVE;
				GCC_WARN_UNUSED_FUNCTION = YES;
				GCC_WARN_UNUSED_VARIABLE = YES;
				IPHONEOS_DEPLOYMENT_TARGET = 15.5;
				MTL_ENABLE_DEBUG_INFO = INCLUDE_SOURCE;
				MTL_FAST_MATH = YES;
				ONLY_ACTIVE_ARCH = YES;
				SDKROOT = iphoneos;
				SWIFT_ACTIVE_COMPILATION_CONDITIONS = DEBUG;
				SWIFT_OPTIMIZATION_LEVEL = "-Onone";
			};
			name = Debug;
		};
		77E913E6288F98380078C72D /* Release */ = {
			isa = XCBuildConfiguration;
			buildSettings = {
				ALWAYS_SEARCH_USER_PATHS = NO;
				CLANG_ANALYZER_NONNULL = YES;
				CLANG_ANALYZER_NUMBER_OBJECT_CONVERSION = YES_AGGRESSIVE;
				CLANG_CXX_LANGUAGE_STANDARD = "gnu++17";
				CLANG_ENABLE_MODULES = YES;
				CLANG_ENABLE_OBJC_ARC = YES;
				CLANG_ENABLE_OBJC_WEAK = YES;
				CLANG_WARN_BLOCK_CAPTURE_AUTORELEASING = YES;
				CLANG_WARN_BOOL_CONVERSION = YES;
				CLANG_WARN_COMMA = YES;
				CLANG_WARN_CONSTANT_CONVERSION = YES;
				CLANG_WARN_DEPRECATED_OBJC_IMPLEMENTATIONS = YES;
				CLANG_WARN_DIRECT_OBJC_ISA_USAGE = YES_ERROR;
				CLANG_WARN_DOCUMENTATION_COMMENTS = YES;
				CLANG_WARN_EMPTY_BODY = YES;
				CLANG_WARN_ENUM_CONVERSION = YES;
				CLANG_WARN_INFINITE_RECURSION = YES;
				CLANG_WARN_INT_CONVERSION = YES;
				CLANG_WARN_NON_LITERAL_NULL_CONVERSION = YES;
				CLANG_WARN_OBJC_IMPLICIT_RETAIN_SELF = YES;
				CLANG_WARN_OBJC_LITERAL_CONVERSION = YES;
				CLANG_WARN_OBJC_ROOT_CLASS = YES_ERROR;
				CLANG_WARN_QUOTED_INCLUDE_IN_FRAMEWORK_HEADER = YES;
				CLANG_WARN_RANGE_LOOP_ANALYSIS = YES;
				CLANG_WARN_STRICT_PROTOTYPES = YES;
				CLANG_WARN_SUSPICIOUS_MOVE = YES;
				CLANG_WARN_UNGUARDED_AVAILABILITY = YES_AGGRESSIVE;
				CLANG_WARN_UNREACHABLE_CODE = YES;
				CLANG_WARN__DUPLICATE_METHOD_MATCH = YES;
				COPY_PHASE_STRIP = NO;
				DEBUG_INFORMATION_FORMAT = "dwarf-with-dsym";
				ENABLE_NS_ASSERTIONS = NO;
				ENABLE_STRICT_OBJC_MSGSEND = YES;
				GCC_C_LANGUAGE_STANDARD = gnu11;
				GCC_NO_COMMON_BLOCKS = YES;
				GCC_WARN_64_TO_32_BIT_CONVERSION = YES;
				GCC_WARN_ABOUT_RETURN_TYPE = YES_ERROR;
				GCC_WARN_UNDECLARED_SELECTOR = YES;
				GCC_WARN_UNINITIALIZED_AUTOS = YES_AGGRESSIVE;
				GCC_WARN_UNUSED_FUNCTION = YES;
				GCC_WARN_UNUSED_VARIABLE = YES;
				IPHONEOS_DEPLOYMENT_TARGET = 15.5;
				MTL_ENABLE_DEBUG_INFO = NO;
				MTL_FAST_MATH = YES;
				SDKROOT = iphoneos;
				SWIFT_COMPILATION_MODE = wholemodule;
				SWIFT_OPTIMIZATION_LEVEL = "-O";
				VALIDATE_PRODUCT = YES;
			};
			name = Release;
		};
		77E913E8288F98380078C72D /* Debug */ = {
			isa = XCBuildConfiguration;
			buildSettings = {
				ASSETCATALOG_COMPILER_APPICON_NAME = AppIcon;
				ASSETCATALOG_COMPILER_GLOBAL_ACCENT_COLOR_NAME = AccentColor;
				CODE_SIGN_STYLE = Automatic;
				CURRENT_PROJECT_VERSION = 1;
				DEVELOPMENT_ASSET_PATHS = "\"CoordinatorNavigationTest/Preview Content\"";
				ENABLE_PREVIEWS = YES;
				GENERATE_INFOPLIST_FILE = YES;
				INFOPLIST_KEY_UIApplicationSceneManifest_Generation = YES;
				INFOPLIST_KEY_UIApplicationSupportsIndirectInputEvents = YES;
				INFOPLIST_KEY_UILaunchScreen_Generation = YES;
				INFOPLIST_KEY_UISupportedInterfaceOrientations_iPad = "UIInterfaceOrientationPortrait UIInterfaceOrientationPortraitUpsideDown UIInterfaceOrientationLandscapeLeft UIInterfaceOrientationLandscapeRight";
				INFOPLIST_KEY_UISupportedInterfaceOrientations_iPhone = "UIInterfaceOrientationPortrait UIInterfaceOrientationLandscapeLeft UIInterfaceOrientationLandscapeRight";
				LD_RUNPATH_SEARCH_PATHS = (
					"$(inherited)",
					"@executable_path/Frameworks",
				);
				MARKETING_VERSION = 1.0;
				PRODUCT_BUNDLE_IDENTIFIER = com.mflknr.CoordinatorNavigationTest;
				PRODUCT_NAME = "$(TARGET_NAME)";
				SWIFT_EMIT_LOC_STRINGS = YES;
				SWIFT_VERSION = 5.0;
				TARGETED_DEVICE_FAMILY = "1,2";
			};
			name = Debug;
		};
		77E913E9288F98380078C72D /* Release */ = {
			isa = XCBuildConfiguration;
			buildSettings = {
				ASSETCATALOG_COMPILER_APPICON_NAME = AppIcon;
				ASSETCATALOG_COMPILER_GLOBAL_ACCENT_COLOR_NAME = AccentColor;
				CODE_SIGN_STYLE = Automatic;
				CURRENT_PROJECT_VERSION = 1;
				DEVELOPMENT_ASSET_PATHS = "\"CoordinatorNavigationTest/Preview Content\"";
				ENABLE_PREVIEWS = YES;
				GENERATE_INFOPLIST_FILE = YES;
				INFOPLIST_KEY_UIApplicationSceneManifest_Generation = YES;
				INFOPLIST_KEY_UIApplicationSupportsIndirectInputEvents = YES;
				INFOPLIST_KEY_UILaunchScreen_Generation = YES;
				INFOPLIST_KEY_UISupportedInterfaceOrientations_iPad = "UIInterfaceOrientationPortrait UIInterfaceOrientationPortraitUpsideDown UIInterfaceOrientationLandscapeLeft UIInterfaceOrientationLandscapeRight";
				INFOPLIST_KEY_UISupportedInterfaceOrientations_iPhone = "UIInterfaceOrientationPortrait UIInterfaceOrientationLandscapeLeft UIInterfaceOrientationLandscapeRight";
				LD_RUNPATH_SEARCH_PATHS = (
					"$(inherited)",
					"@executable_path/Frameworks",
				);
				MARKETING_VERSION = 1.0;
				PRODUCT_BUNDLE_IDENTIFIER = com.mflknr.CoordinatorNavigationTest;
				PRODUCT_NAME = "$(TARGET_NAME)";
				SWIFT_EMIT_LOC_STRINGS = YES;
				SWIFT_VERSION = 5.0;
				TARGETED_DEVICE_FAMILY = "1,2";
			};
			name = Release;
		};
/* End XCBuildConfiguration section */

/* Begin XCConfigurationList section */
		77E913D4288F98360078C72D /* Build configuration list for PBXProject "CoordinatorNavigationTest" */ = {
			isa = XCConfigurationList;
			buildConfigurations = (
				77E913E5288F98380078C72D /* Debug */,
				77E913E6288F98380078C72D /* Release */,
			);
			defaultConfigurationIsVisible = 0;
			defaultConfigurationName = Release;
		};
		77E913E7288F98380078C72D /* Build configuration list for PBXNativeTarget "CoordinatorNavigationTest" */ = {
			isa = XCConfigurationList;
			buildConfigurations = (
				77E913E8288F98380078C72D /* Debug */,
				77E913E9288F98380078C72D /* Release */,
			);
			defaultConfigurationIsVisible = 0;
			defaultConfigurationName = Release;
		};
/* End XCConfigurationList section */

/* Begin XCRemoteSwiftPackageReference section */
		77AC5541289F14A300EB8DC4 /* XCRemoteSwiftPackageReference "FlowStacks" */ = {
			isa = XCRemoteSwiftPackageReference;
			repositoryURL = "https://github.com/johnpatrickmorgan/FlowStacks";
			requirement = {
				kind = upToNextMajorVersion;
				minimumVersion = 0.2.3;
			};
		};
/* End XCRemoteSwiftPackageReference section */

/* Begin XCSwiftPackageProductDependency section */
		77AC5542289F14A300EB8DC4 /* FlowStacks */ = {
			isa = XCSwiftPackageProductDependency;
			package = 77AC5541289F14A300EB8DC4 /* XCRemoteSwiftPackageReference "FlowStacks" */;
			productName = FlowStacks;
		};
/* End XCSwiftPackageProductDependency section */
	};
	rootObject = 77E913D1288F98360078C72D /* Project object */;
}
